
Microsoft Visual Studio Solution File, Format Version 12.00
# Visual Studio Version 16
VisualStudioVersion = 16.0.30406.217
MinimumVisualStudioVersion = 10.0.40219.1
Project("{FAE04EC0-301F-11D3-BF4B-00C04F79EFBC}") = "ResturantServer", "ResturantServer\ResturantServer.csproj", "{5F00B677-A270-431F-AE9E-107ABE48AAEA}"
EndProject
Global
	GlobalSection(SolutionConfigurationPlatforms) = preSolution
		Debug|Any CPU = Debug|Any CPU
		Release|Any CPU = Release|Any CPU
	EndGlobalSection
	GlobalSection(ProjectConfigurationPlatforms) = postSolution
		{5F00B677-A270-431F-AE9E-107ABE48AAEA}.Debug|Any CPU.ActiveCfg = Debug|Any CPU
		{5F00B677-A270-431F-AE9E-107ABE48AAEA}.Debug|Any CPU.Build.0 = Debug|Any CPU
		{5F00B677-A270-431F-AE9E-107ABE48AAEA}.Release|Any CPU.ActiveCfg = Release|Any CPU
		{5F00B677-A270-431F-AE9E-107ABE48AAEA}.Release|Any CPU.Build.0 = Release|Any CPU
	EndGlobalSection
	GlobalSection(SolutionProperties) = preSolution
		HideSolutionNode = FALSE
	EndGlobalSection
	GlobalSection(ExtensibilityGlobals) = postSolution
		SolutionGuid = {B3472FCB-DA24-4F0B-830E-970B28307E6A}
	EndGlobalSection
EndGlobal
